
Microsoft Visual Studio Solution File, Format Version 12.00
# Visual Studio Version 17
VisualStudioVersion = 17.3.32922.545
MinimumVisualStudioVersion = 10.0.40219.1
Project("{FAE04EC0-301F-11D3-BF4B-00C04F79EFBC}") = "Banka.DTO", "Banka.DTO\Banka.DTO.csproj", "{33A8BE4F-39D3-4B65-876F-658E02A9D08E}"
EndProject
Project("{FAE04EC0-301F-11D3-BF4B-00C04F79EFBC}") = "Banka.UI", "Banka.UI\Banka.UI.csproj", "{0BF2D423-D273-40D7-B191-FA836D58002C}"
EndProject
Global
	GlobalSection(SolutionConfigurationPlatforms) = preSolution
		Debug|Any CPU = Debug|Any CPU
		Release|Any CPU = Release|Any CPU
	EndGlobalSection
	GlobalSection(ProjectConfigurationPlatforms) = postSolution
		{33A8BE4F-39D3-4B65-876F-658E02A9D08E}.Debug|Any CPU.ActiveCfg = Debug|Any CPU
		{33A8BE4F-39D3-4B65-876F-658E02A9D08E}.Debug|Any CPU.Build.0 = Debug|Any CPU
		{33A8BE4F-39D3-4B65-876F-658E02A9D08E}.Release|Any CPU.ActiveCfg = Release|Any CPU
		{33A8BE4F-39D3-4B65-876F-658E02A9D08E}.Release|Any CPU.Build.0 = Release|Any CPU
		{0BF2D423-D273-40D7-B191-FA836D58002C}.Debug|Any CPU.ActiveCfg = Debug|Any CPU
		{0BF2D423-D273-40D7-B191-FA836D58002C}.Debug|Any CPU.Build.0 = Debug|Any CPU
		{0BF2D423-D273-40D7-B191-FA836D58002C}.Release|Any CPU.ActiveCfg = Release|Any CPU
		{0BF2D423-D273-40D7-B191-FA836D58002C}.Release|Any CPU.Build.0 = Release|Any CPU
	EndGlobalSection
	GlobalSection(SolutionProperties) = preSolution
		HideSolutionNode = FALSE
	EndGlobalSection
	GlobalSection(ExtensibilityGlobals) = postSolution
		SolutionGuid = {F3EA9836-F277-496A-814F-7D9F404F4052}
	EndGlobalSection
EndGlobal
